// !$*UTF8*$!
{
	archiveVersion = 1;
	classes = {
	};
	objectVersion = 56;
	objects = {

/* Begin PBXBuildFile section */
		1C0523B12A82916D00383141 /* XCTestCase+MemoryLeakTracking.swift in Sources */ = {isa = PBXBuildFile; fileRef = 1C0523B02A82916D00383141 /* XCTestCase+MemoryLeakTracking.swift */; };
		1C2F051E2A86D96C00C218A9 /* SharedTestHelpers.swift in Sources */ = {isa = PBXBuildFile; fileRef = 1C2F051D2A86D96C00C218A9 /* SharedTestHelpers.swift */; };
		1C2F05202A86FD5C00C218A9 /* FeedCachePolicy.swift in Sources */ = {isa = PBXBuildFile; fileRef = 1C2F051F2A86FD5C00C218A9 /* FeedCachePolicy.swift */; };
		1C2F05222A87D5A000C218A9 /* CodableFeedStoreTests.swift in Sources */ = {isa = PBXBuildFile; fileRef = 1C2F05212A87D5A000C218A9 /* CodableFeedStoreTests.swift */; };
		1C2F05242A87D69200C218A9 /* CodableFeedStore.swift in Sources */ = {isa = PBXBuildFile; fileRef = 1C2F05232A87D69200C218A9 /* CodableFeedStore.swift */; };
		1C3598742A8876A100E59922 /* FeedStoreSpecs.swift in Sources */ = {isa = PBXBuildFile; fileRef = 1C3598732A8876A100E59922 /* FeedStoreSpecs.swift */; };
		1C3598762A89538900E59922 /* XCTestCase+FeedStoreSpecs.swift in Sources */ = {isa = PBXBuildFile; fileRef = 1C3598752A89538900E59922 /* XCTestCase+FeedStoreSpecs.swift */; };
		1C3598782A89829B00E59922 /* CoreDataFeedStoreTests.swift in Sources */ = {isa = PBXBuildFile; fileRef = 1C3598772A89829B00E59922 /* CoreDataFeedStoreTests.swift */; };
		1C3598802A898A3E00E59922 /* FeedStore.xcdatamodeld in Sources */ = {isa = PBXBuildFile; fileRef = 1C35987E2A898A3E00E59922 /* FeedStore.xcdatamodeld */; };
		1C3598922A89A0F400E59922 /* ManagedCache.swift in Sources */ = {isa = PBXBuildFile; fileRef = 1C3598912A89A0F400E59922 /* ManagedCache.swift */; };
		1C3598942A89A24000E59922 /* ManagedFeedItem.swift in Sources */ = {isa = PBXBuildFile; fileRef = 1C3598932A89A24000E59922 /* ManagedFeedItem.swift */; };
		1C35989E2A89A95600E59922 /* CoreDataHelpers.swift in Sources */ = {isa = PBXBuildFile; fileRef = 1C35989D2A89A95600E59922 /* CoreDataHelpers.swift */; };
		1C3598A02A89AD8600E59922 /* CoreDataFeedStore.swift in Sources */ = {isa = PBXBuildFile; fileRef = 1C35989F2A89AD8600E59922 /* CoreDataFeedStore.swift */; };
		1C3598C72A8A705B00E59922 /* FeedCacheIntegrationTests.swift in Sources */ = {isa = PBXBuildFile; fileRef = 1C3598C62A8A705B00E59922 /* FeedCacheIntegrationTests.swift */; };
		1C3598C82A8A705B00E59922 /* Feed.framework in Frameworks */ = {isa = PBXBuildFile; fileRef = 1C9226AE2A80681400DFB9D6 /* Feed.framework */; };
		1C53547C2A86C6A7007B093D /* ValidateCacheFeedUseCaseTests.swift in Sources */ = {isa = PBXBuildFile; fileRef = 1C53547B2A86C6A7007B093D /* ValidateCacheFeedUseCaseTests.swift */; };
		1C53547E2A86C8FE007B093D /* FeedCacheHelper.swift in Sources */ = {isa = PBXBuildFile; fileRef = 1C53547D2A86C8FE007B093D /* FeedCacheHelper.swift */; };
		1C697A222A8077C500E4FDBB /* FeedItem.swift in Sources */ = {isa = PBXBuildFile; fileRef = 1C697A212A8077C500E4FDBB /* FeedItem.swift */; };
		1C697A242A807B7300E4FDBB /* RemoteFeedLoaderTest.swift in Sources */ = {isa = PBXBuildFile; fileRef = 1C697A232A807B7300E4FDBB /* RemoteFeedLoaderTest.swift */; };
		1C697A262A807C3900E4FDBB /* RemoteFeedLoader.swift in Sources */ = {isa = PBXBuildFile; fileRef = 1C697A252A807C3900E4FDBB /* RemoteFeedLoader.swift */; };
		1C697A282A807F1D00E4FDBB /* FeedLoader.swift in Sources */ = {isa = PBXBuildFile; fileRef = 1C697A272A807F1D00E4FDBB /* FeedLoader.swift */; };
		1C697A2C2A81543900E4FDBB /* HttpClient.swift in Sources */ = {isa = PBXBuildFile; fileRef = 1C697A2B2A81543900E4FDBB /* HttpClient.swift */; };
		1C697A2F2A818E8600E4FDBB /* URLSessionHTTPClientTests.swift in Sources */ = {isa = PBXBuildFile; fileRef = 1C697A2E2A818E8600E4FDBB /* URLSessionHTTPClientTests.swift */; };
		1C9226B32A80681400DFB9D6 /* Feed.docc in Sources */ = {isa = PBXBuildFile; fileRef = 1C9226B22A80681400DFB9D6 /* Feed.docc */; };
		1C9226B92A80681400DFB9D6 /* Feed.framework in Frameworks */ = {isa = PBXBuildFile; fileRef = 1C9226AE2A80681400DFB9D6 /* Feed.framework */; };
		1C9226BF2A80681400DFB9D6 /* Feed.h in Headers */ = {isa = PBXBuildFile; fileRef = 1C9226B12A80681400DFB9D6 /* Feed.h */; settings = {ATTRIBUTES = (Public, ); }; };
		1CAD68E72A8AAB1A009825E0 /* XCTestCase+MemoryLeakTracking.swift in Sources */ = {isa = PBXBuildFile; fileRef = 1C0523B02A82916D00383141 /* XCTestCase+MemoryLeakTracking.swift */; };
		1CAD68E82A8AB668009825E0 /* FeedCacheHelper.swift in Sources */ = {isa = PBXBuildFile; fileRef = 1C53547D2A86C8FE007B093D /* FeedCacheHelper.swift */; };
		1CAD68E92A8AB675009825E0 /* SharedTestHelpers.swift in Sources */ = {isa = PBXBuildFile; fileRef = 1C2F051D2A86D96C00C218A9 /* SharedTestHelpers.swift */; };
		1CE50E342A82D7E900B1020E /* URLSessionHTTPClient.swift in Sources */ = {isa = PBXBuildFile; fileRef = 1CE50E332A82D7E900B1020E /* URLSessionHTTPClient.swift */; };
		1CE50E3D2A82F0C200B1020E /* FeedAPIEndToEndTests.swift in Sources */ = {isa = PBXBuildFile; fileRef = 1CE50E3C2A82F0C200B1020E /* FeedAPIEndToEndTests.swift */; };
		1CE50E3E2A82F0C200B1020E /* Feed.framework in Frameworks */ = {isa = PBXBuildFile; fileRef = 1C9226AE2A80681400DFB9D6 /* Feed.framework */; };
		1CE50E462A8307DE00B1020E /* XCTestCase+MemoryLeakTracking.swift in Sources */ = {isa = PBXBuildFile; fileRef = 1C0523B02A82916D00383141 /* XCTestCase+MemoryLeakTracking.swift */; };
		1CE50E4B2A848F2C00B1020E /* SaveFeedToCacheUseCaseTests.swift in Sources */ = {isa = PBXBuildFile; fileRef = 1CE50E4A2A848F2C00B1020E /* SaveFeedToCacheUseCaseTests.swift */; };
		1CE50E4E2A8574F400B1020E /* LocalFeedLoader.swift in Sources */ = {isa = PBXBuildFile; fileRef = 1CE50E4D2A8574F400B1020E /* LocalFeedLoader.swift */; };
		1CE50E502A85CBD000B1020E /* FeedStore.swift in Sources */ = {isa = PBXBuildFile; fileRef = 1CE50E4F2A85CBD000B1020E /* FeedStore.swift */; };
		1CE50E522A85CC2A00B1020E /* APIFeedItem.swift in Sources */ = {isa = PBXBuildFile; fileRef = 1CE50E512A85CC2A00B1020E /* APIFeedItem.swift */; };
		1CE50E542A85CC7600B1020E /* LocalFeedItem.swift in Sources */ = {isa = PBXBuildFile; fileRef = 1CE50E532A85CC7600B1020E /* LocalFeedItem.swift */; };
		1CE50E562A8673A000B1020E /* LoadFeedFromCacheUseCase.swift in Sources */ = {isa = PBXBuildFile; fileRef = 1CE50E552A8673A000B1020E /* LoadFeedFromCacheUseCase.swift */; };
		1CE50E592A86743F00B1020E /* FeedStoreSpy.swift in Sources */ = {isa = PBXBuildFile; fileRef = 1CE50E582A86743F00B1020E /* FeedStoreSpy.swift */; };
/* End PBXBuildFile section */

/* Begin PBXContainerItemProxy section */
		1C3598C92A8A705B00E59922 /* PBXContainerItemProxy */ = {
			isa = PBXContainerItemProxy;
			containerPortal = 1C9226A52A80681400DFB9D6 /* Project object */;
			proxyType = 1;
			remoteGlobalIDString = 1C9226AD2A80681400DFB9D6;
			remoteInfo = Feed;
		};
		1C9226BA2A80681400DFB9D6 /* PBXContainerItemProxy */ = {
			isa = PBXContainerItemProxy;
			containerPortal = 1C9226A52A80681400DFB9D6 /* Project object */;
			proxyType = 1;
			remoteGlobalIDString = 1C9226AD2A80681400DFB9D6;
			remoteInfo = Feed;
		};
		1CE50E3F2A82F0C200B1020E /* PBXContainerItemProxy */ = {
			isa = PBXContainerItemProxy;
			containerPortal = 1C9226A52A80681400DFB9D6 /* Project object */;
			proxyType = 1;
			remoteGlobalIDString = 1C9226AD2A80681400DFB9D6;
			remoteInfo = Feed;
		};
/* End PBXContainerItemProxy section */

/* Begin PBXFileReference section */
		1C0523B02A82916D00383141 /* XCTestCase+MemoryLeakTracking.swift */ = {isa = PBXFileReference; lastKnownFileType = sourcecode.swift; path = "XCTestCase+MemoryLeakTracking.swift"; sourceTree = "<group>"; };
		1C2F051D2A86D96C00C218A9 /* SharedTestHelpers.swift */ = {isa = PBXFileReference; lastKnownFileType = sourcecode.swift; path = SharedTestHelpers.swift; sourceTree = "<group>"; };
		1C2F051F2A86FD5C00C218A9 /* FeedCachePolicy.swift */ = {isa = PBXFileReference; lastKnownFileType = sourcecode.swift; path = FeedCachePolicy.swift; sourceTree = "<group>"; };
		1C2F05212A87D5A000C218A9 /* CodableFeedStoreTests.swift */ = {isa = PBXFileReference; lastKnownFileType = sourcecode.swift; path = CodableFeedStoreTests.swift; sourceTree = "<group>"; };
		1C2F05232A87D69200C218A9 /* CodableFeedStore.swift */ = {isa = PBXFileReference; lastKnownFileType = sourcecode.swift; path = CodableFeedStore.swift; sourceTree = "<group>"; };
		1C3598732A8876A100E59922 /* FeedStoreSpecs.swift */ = {isa = PBXFileReference; lastKnownFileType = sourcecode.swift; path = FeedStoreSpecs.swift; sourceTree = "<group>"; };
		1C3598752A89538900E59922 /* XCTestCase+FeedStoreSpecs.swift */ = {isa = PBXFileReference; lastKnownFileType = sourcecode.swift; path = "XCTestCase+FeedStoreSpecs.swift"; sourceTree = "<group>"; };
		1C3598772A89829B00E59922 /* CoreDataFeedStoreTests.swift */ = {isa = PBXFileReference; lastKnownFileType = sourcecode.swift; path = CoreDataFeedStoreTests.swift; sourceTree = "<group>"; };
		1C35987F2A898A3E00E59922 /* FeedStore.xcdatamodel */ = {isa = PBXFileReference; lastKnownFileType = wrapper.xcdatamodel; path = FeedStore.xcdatamodel; sourceTree = "<group>"; };
		1C3598912A89A0F400E59922 /* ManagedCache.swift */ = {isa = PBXFileReference; lastKnownFileType = sourcecode.swift; path = ManagedCache.swift; sourceTree = "<group>"; };
		1C3598932A89A24000E59922 /* ManagedFeedItem.swift */ = {isa = PBXFileReference; lastKnownFileType = sourcecode.swift; path = ManagedFeedItem.swift; sourceTree = "<group>"; };
		1C35989D2A89A95600E59922 /* CoreDataHelpers.swift */ = {isa = PBXFileReference; lastKnownFileType = sourcecode.swift; path = CoreDataHelpers.swift; sourceTree = "<group>"; };
		1C35989F2A89AD8600E59922 /* CoreDataFeedStore.swift */ = {isa = PBXFileReference; lastKnownFileType = sourcecode.swift; path = CoreDataFeedStore.swift; sourceTree = "<group>"; };
		1C3598C42A8A705A00E59922 /* FeedCacheIntegrationTests.xctest */ = {isa = PBXFileReference; explicitFileType = wrapper.cfbundle; includeInIndex = 0; path = FeedCacheIntegrationTests.xctest; sourceTree = BUILT_PRODUCTS_DIR; };
		1C3598C62A8A705B00E59922 /* FeedCacheIntegrationTests.swift */ = {isa = PBXFileReference; lastKnownFileType = sourcecode.swift; path = FeedCacheIntegrationTests.swift; sourceTree = "<group>"; };
		1C53547B2A86C6A7007B093D /* ValidateCacheFeedUseCaseTests.swift */ = {isa = PBXFileReference; lastKnownFileType = sourcecode.swift; name = ValidateCacheFeedUseCaseTests.swift; path = FeedTests/Cache/LocalFeedLoader/ValidateCacheFeedUseCaseTests.swift; sourceTree = SOURCE_ROOT; };
		1C53547D2A86C8FE007B093D /* FeedCacheHelper.swift */ = {isa = PBXFileReference; lastKnownFileType = sourcecode.swift; path = FeedCacheHelper.swift; sourceTree = "<group>"; };
		1C697A212A8077C500E4FDBB /* FeedItem.swift */ = {isa = PBXFileReference; lastKnownFileType = sourcecode.swift; path = FeedItem.swift; sourceTree = "<group>"; };
		1C697A232A807B7300E4FDBB /* RemoteFeedLoaderTest.swift */ = {isa = PBXFileReference; lastKnownFileType = sourcecode.swift; path = RemoteFeedLoaderTest.swift; sourceTree = "<group>"; };
		1C697A252A807C3900E4FDBB /* RemoteFeedLoader.swift */ = {isa = PBXFileReference; lastKnownFileType = sourcecode.swift; path = RemoteFeedLoader.swift; sourceTree = "<group>"; };
		1C697A272A807F1D00E4FDBB /* FeedLoader.swift */ = {isa = PBXFileReference; lastKnownFileType = sourcecode.swift; path = FeedLoader.swift; sourceTree = "<group>"; };
		1C697A2B2A81543900E4FDBB /* HttpClient.swift */ = {isa = PBXFileReference; lastKnownFileType = sourcecode.swift; path = HttpClient.swift; sourceTree = "<group>"; };
		1C697A2E2A818E8600E4FDBB /* URLSessionHTTPClientTests.swift */ = {isa = PBXFileReference; lastKnownFileType = sourcecode.swift; path = URLSessionHTTPClientTests.swift; sourceTree = "<group>"; };
		1C9226AE2A80681400DFB9D6 /* Feed.framework */ = {isa = PBXFileReference; explicitFileType = wrapper.framework; includeInIndex = 0; path = Feed.framework; sourceTree = BUILT_PRODUCTS_DIR; };
		1C9226B12A80681400DFB9D6 /* Feed.h */ = {isa = PBXFileReference; lastKnownFileType = sourcecode.c.h; path = Feed.h; sourceTree = "<group>"; };
		1C9226B22A80681400DFB9D6 /* Feed.docc */ = {isa = PBXFileReference; lastKnownFileType = folder.documentationcatalog; path = Feed.docc; sourceTree = "<group>"; };
		1C9226B82A80681400DFB9D6 /* FeedTests.xctest */ = {isa = PBXFileReference; explicitFileType = wrapper.cfbundle; includeInIndex = 0; path = FeedTests.xctest; sourceTree = BUILT_PRODUCTS_DIR; };
		1CAD68E62A8A70F8009825E0 /* FeedCacheIntegrationTests.xctestplan */ = {isa = PBXFileReference; lastKnownFileType = text; path = FeedCacheIntegrationTests.xctestplan; sourceTree = "<group>"; };
		1CE50E332A82D7E900B1020E /* URLSessionHTTPClient.swift */ = {isa = PBXFileReference; lastKnownFileType = sourcecode.swift; path = URLSessionHTTPClient.swift; sourceTree = "<group>"; };
		1CE50E352A82EB8F00B1020E /* Feed.xctestplan */ = {isa = PBXFileReference; lastKnownFileType = text; path = Feed.xctestplan; sourceTree = "<group>"; };
		1CE50E3A2A82F0C200B1020E /* FeedAPIEndToEndTests.xctest */ = {isa = PBXFileReference; explicitFileType = wrapper.cfbundle; includeInIndex = 0; path = FeedAPIEndToEndTests.xctest; sourceTree = BUILT_PRODUCTS_DIR; };
		1CE50E3C2A82F0C200B1020E /* FeedAPIEndToEndTests.swift */ = {isa = PBXFileReference; lastKnownFileType = sourcecode.swift; path = FeedAPIEndToEndTests.swift; sourceTree = "<group>"; };
		1CE50E482A8314B500B1020E /* CI.xctestplan */ = {isa = PBXFileReference; lastKnownFileType = text; path = CI.xctestplan; sourceTree = "<group>"; };
		1CE50E4A2A848F2C00B1020E /* SaveFeedToCacheUseCaseTests.swift */ = {isa = PBXFileReference; lastKnownFileType = sourcecode.swift; path = SaveFeedToCacheUseCaseTests.swift; sourceTree = "<group>"; };
		1CE50E4D2A8574F400B1020E /* LocalFeedLoader.swift */ = {isa = PBXFileReference; lastKnownFileType = sourcecode.swift; path = LocalFeedLoader.swift; sourceTree = "<group>"; };
		1CE50E4F2A85CBD000B1020E /* FeedStore.swift */ = {isa = PBXFileReference; lastKnownFileType = sourcecode.swift; path = FeedStore.swift; sourceTree = "<group>"; };
		1CE50E512A85CC2A00B1020E /* APIFeedItem.swift */ = {isa = PBXFileReference; lastKnownFileType = sourcecode.swift; path = APIFeedItem.swift; sourceTree = "<group>"; };
		1CE50E532A85CC7600B1020E /* LocalFeedItem.swift */ = {isa = PBXFileReference; lastKnownFileType = sourcecode.swift; path = LocalFeedItem.swift; sourceTree = "<group>"; };
		1CE50E552A8673A000B1020E /* LoadFeedFromCacheUseCase.swift */ = {isa = PBXFileReference; lastKnownFileType = sourcecode.swift; path = LoadFeedFromCacheUseCase.swift; sourceTree = "<group>"; };
		1CE50E582A86743F00B1020E /* FeedStoreSpy.swift */ = {isa = PBXFileReference; lastKnownFileType = sourcecode.swift; path = FeedStoreSpy.swift; sourceTree = "<group>"; };
/* End PBXFileReference section */

/* Begin PBXFrameworksBuildPhase section */
		1C3598C12A8A705A00E59922 /* Frameworks */ = {
			isa = PBXFrameworksBuildPhase;
			buildActionMask = 2147483647;
			files = (
				1C3598C82A8A705B00E59922 /* Feed.framework in Frameworks */,
			);
			runOnlyForDeploymentPostprocessing = 0;
		};
		1C9226AB2A80681400DFB9D6 /* Frameworks */ = {
			isa = PBXFrameworksBuildPhase;
			buildActionMask = 2147483647;
			files = (
			);
			runOnlyForDeploymentPostprocessing = 0;
		};
		1C9226B52A80681400DFB9D6 /* Frameworks */ = {
			isa = PBXFrameworksBuildPhase;
			buildActionMask = 2147483647;
			files = (
				1C9226B92A80681400DFB9D6 /* Feed.framework in Frameworks */,
			);
			runOnlyForDeploymentPostprocessing = 0;
		};
		1CE50E372A82F0C200B1020E /* Frameworks */ = {
			isa = PBXFrameworksBuildPhase;
			buildActionMask = 2147483647;
			files = (
				1CE50E3E2A82F0C200B1020E /* Feed.framework in Frameworks */,
			);
			runOnlyForDeploymentPostprocessing = 0;
		};
/* End PBXFrameworksBuildPhase section */

/* Begin PBXGroup section */
		1C0523AF2A82912B00383141 /* Helper */ = {
			isa = PBXGroup;
			children = (
				1C0523B02A82916D00383141 /* XCTestCase+MemoryLeakTracking.swift */,
				1C2F051D2A86D96C00C218A9 /* SharedTestHelpers.swift */,
			);
			path = Helper;
			sourceTree = "<group>";
		};
		1C3598792A89840800E59922 /* LocalFeedLoader */ = {
			isa = PBXGroup;
			children = (
				1CE50E4A2A848F2C00B1020E /* SaveFeedToCacheUseCaseTests.swift */,
				1CE50E552A8673A000B1020E /* LoadFeedFromCacheUseCase.swift */,
				1C53547B2A86C6A7007B093D /* ValidateCacheFeedUseCaseTests.swift */,
			);
			path = LocalFeedLoader;
			sourceTree = "<group>";
		};
		1C35987A2A8984D100E59922 /* FeedStore */ = {
			isa = PBXGroup;
			children = (
				1C2F05212A87D5A000C218A9 /* CodableFeedStoreTests.swift */,
				1C3598772A89829B00E59922 /* CoreDataFeedStoreTests.swift */,
				1C3598732A8876A100E59922 /* FeedStoreSpecs.swift */,
				1C3598752A89538900E59922 /* XCTestCase+FeedStoreSpecs.swift */,
			);
			path = FeedStore;
			sourceTree = "<group>";
		};
		1C35987B2A89893900E59922 /* Infrastructure */ = {
			isa = PBXGroup;
			children = (
				1C3598A12A8A6AD000E59922 /* Codable */,
				1C35987D2A8989B100E59922 /* CoreData */,
			);
			path = Infrastructure;
			sourceTree = "<group>";
		};
		1C35987D2A8989B100E59922 /* CoreData */ = {
			isa = PBXGroup;
			children = (
				1C35987E2A898A3E00E59922 /* FeedStore.xcdatamodeld */,
				1C3598912A89A0F400E59922 /* ManagedCache.swift */,
				1C3598932A89A24000E59922 /* ManagedFeedItem.swift */,
				1C35989D2A89A95600E59922 /* CoreDataHelpers.swift */,
				1C35989F2A89AD8600E59922 /* CoreDataFeedStore.swift */,
			);
			path = CoreData;
			sourceTree = "<group>";
		};
		1C3598A12A8A6AD000E59922 /* Codable */ = {
			isa = PBXGroup;
			children = (
				1C2F05232A87D69200C218A9 /* CodableFeedStore.swift */,
			);
			path = Codable;
			sourceTree = "<group>";
		};
		1C3598C52A8A705B00E59922 /* FeedCacheIntegrationTests */ = {
			isa = PBXGroup;
			children = (
				1CAD68E62A8A70F8009825E0 /* FeedCacheIntegrationTests.xctestplan */,
				1C3598C62A8A705B00E59922 /* FeedCacheIntegrationTests.swift */,
			);
			path = FeedCacheIntegrationTests;
			sourceTree = "<group>";
		};
		1C697A292A81533500E4FDBB /* API */ = {
			isa = PBXGroup;
			children = (
				1C697A252A807C3900E4FDBB /* RemoteFeedLoader.swift */,
				1C697A2B2A81543900E4FDBB /* HttpClient.swift */,
				1CE50E332A82D7E900B1020E /* URLSessionHTTPClient.swift */,
				1CE50E512A85CC2A00B1020E /* APIFeedItem.swift */,
			);
			path = API;
			sourceTree = "<group>";
		};
		1C697A2A2A81538100E4FDBB /* Feature */ = {
			isa = PBXGroup;
			children = (
				1C697A212A8077C500E4FDBB /* FeedItem.swift */,
				1C697A272A807F1D00E4FDBB /* FeedLoader.swift */,
			);
			path = Feature;
			sourceTree = "<group>";
		};
		1C697A2D2A81687900E4FDBB /* API */ = {
			isa = PBXGroup;
			children = (
				1C697A232A807B7300E4FDBB /* RemoteFeedLoaderTest.swift */,
				1C697A2E2A818E8600E4FDBB /* URLSessionHTTPClientTests.swift */,
			);
			path = API;
			sourceTree = "<group>";
		};
		1C9226A42A80681400DFB9D6 = {
			isa = PBXGroup;
			children = (
				1CE50E482A8314B500B1020E /* CI.xctestplan */,
				1CE50E352A82EB8F00B1020E /* Feed.xctestplan */,
				1C9226B02A80681400DFB9D6 /* Feed */,
				1C9226BC2A80681400DFB9D6 /* FeedTests */,
				1CE50E3B2A82F0C200B1020E /* FeedAPIEndToEndTests */,
				1C3598C52A8A705B00E59922 /* FeedCacheIntegrationTests */,
				1C9226AF2A80681400DFB9D6 /* Products */,
			);
			sourceTree = "<group>";
		};
		1C9226AF2A80681400DFB9D6 /* Products */ = {
			isa = PBXGroup;
			children = (
				1C9226AE2A80681400DFB9D6 /* Feed.framework */,
				1C9226B82A80681400DFB9D6 /* FeedTests.xctest */,
				1CE50E3A2A82F0C200B1020E /* FeedAPIEndToEndTests.xctest */,
				1C3598C42A8A705A00E59922 /* FeedCacheIntegrationTests.xctest */,
			);
			name = Products;
			sourceTree = "<group>";
		};
		1C9226B02A80681400DFB9D6 /* Feed */ = {
			isa = PBXGroup;
			children = (
				1C9226B12A80681400DFB9D6 /* Feed.h */,
				1C9226B22A80681400DFB9D6 /* Feed.docc */,
				1CE50E4C2A8574C300B1020E /* Cache */,
				1C697A292A81533500E4FDBB /* API */,
				1C697A2A2A81538100E4FDBB /* Feature */,
			);
			path = Feed;
			sourceTree = "<group>";
		};
		1C9226BC2A80681400DFB9D6 /* FeedTests */ = {
			isa = PBXGroup;
			children = (
				1C0523AF2A82912B00383141 /* Helper */,
				1CE50E492A848E9B00B1020E /* Cache */,
				1C697A2D2A81687900E4FDBB /* API */,
			);
			path = FeedTests;
			sourceTree = "<group>";
		};
		1CE50E3B2A82F0C200B1020E /* FeedAPIEndToEndTests */ = {
			isa = PBXGroup;
			children = (
				1CE50E3C2A82F0C200B1020E /* FeedAPIEndToEndTests.swift */,
			);
			path = FeedAPIEndToEndTests;
			sourceTree = "<group>";
		};
		1CE50E492A848E9B00B1020E /* Cache */ = {
			isa = PBXGroup;
			children = (
				1CE50E572A86741C00B1020E /* Helper */,
				1C3598792A89840800E59922 /* LocalFeedLoader */,
				1C35987A2A8984D100E59922 /* FeedStore */,
			);
			path = Cache;
			sourceTree = "<group>";
		};
		1CE50E4C2A8574C300B1020E /* Cache */ = {
			isa = PBXGroup;
			children = (
				1C35987B2A89893900E59922 /* Infrastructure */,
				1CE50E4D2A8574F400B1020E /* LocalFeedLoader.swift */,
				1CE50E4F2A85CBD000B1020E /* FeedStore.swift */,
				1CE50E532A85CC7600B1020E /* LocalFeedItem.swift */,
				1C2F051F2A86FD5C00C218A9 /* FeedCachePolicy.swift */,
			);
			path = Cache;
			sourceTree = "<group>";
		};
		1CE50E572A86741C00B1020E /* Helper */ = {
			isa = PBXGroup;
			children = (
				1CE50E582A86743F00B1020E /* FeedStoreSpy.swift */,
				1C53547D2A86C8FE007B093D /* FeedCacheHelper.swift */,
			);
			path = Helper;
			sourceTree = "<group>";
		};
/* End PBXGroup section */

/* Begin PBXHeadersBuildPhase section */
		1C9226A92A80681400DFB9D6 /* Headers */ = {
			isa = PBXHeadersBuildPhase;
			buildActionMask = 2147483647;
			files = (
				1C9226BF2A80681400DFB9D6 /* Feed.h in Headers */,
			);
			runOnlyForDeploymentPostprocessing = 0;
		};
/* End PBXHeadersBuildPhase section */

/* Begin PBXNativeTarget section */
		1C3598C32A8A705A00E59922 /* FeedCacheIntegrationTests */ = {
			isa = PBXNativeTarget;
			buildConfigurationList = 1C3598CD2A8A705B00E59922 /* Build configuration list for PBXNativeTarget "FeedCacheIntegrationTests" */;
			buildPhases = (
				1C3598C02A8A705A00E59922 /* Sources */,
				1C3598C12A8A705A00E59922 /* Frameworks */,
				1C3598C22A8A705A00E59922 /* Resources */,
			);
			buildRules = (
			);
			dependencies = (
				1C3598CA2A8A705B00E59922 /* PBXTargetDependency */,
			);
			name = FeedCacheIntegrationTests;
			productName = FeedCacheIntegrationTests;
			productReference = 1C3598C42A8A705A00E59922 /* FeedCacheIntegrationTests.xctest */;
			productType = "com.apple.product-type.bundle.unit-test";
		};
		1C9226AD2A80681400DFB9D6 /* Feed */ = {
			isa = PBXNativeTarget;
			buildConfigurationList = 1C9226C22A80681400DFB9D6 /* Build configuration list for PBXNativeTarget "Feed" */;
			buildPhases = (
				1C9226A92A80681400DFB9D6 /* Headers */,
				1C9226AA2A80681400DFB9D6 /* Sources */,
				1C9226AB2A80681400DFB9D6 /* Frameworks */,
				1C9226AC2A80681400DFB9D6 /* Resources */,
			);
			buildRules = (
			);
			dependencies = (
			);
			name = Feed;
			productName = Feed;
			productReference = 1C9226AE2A80681400DFB9D6 /* Feed.framework */;
			productType = "com.apple.product-type.framework";
		};
		1C9226B72A80681400DFB9D6 /* FeedTests */ = {
			isa = PBXNativeTarget;
			buildConfigurationList = 1C9226C52A80681400DFB9D6 /* Build configuration list for PBXNativeTarget "FeedTests" */;
			buildPhases = (
				1C9226B42A80681400DFB9D6 /* Sources */,
				1C9226B52A80681400DFB9D6 /* Frameworks */,
				1C9226B62A80681400DFB9D6 /* Resources */,
			);
			buildRules = (
			);
			dependencies = (
				1C9226BB2A80681400DFB9D6 /* PBXTargetDependency */,
			);
			name = FeedTests;
			productName = FeedTests;
			productReference = 1C9226B82A80681400DFB9D6 /* FeedTests.xctest */;
			productType = "com.apple.product-type.bundle.unit-test";
		};
		1CE50E392A82F0C200B1020E /* FeedAPIEndToEndTests */ = {
			isa = PBXNativeTarget;
			buildConfigurationList = 1CE50E412A82F0C200B1020E /* Build configuration list for PBXNativeTarget "FeedAPIEndToEndTests" */;
			buildPhases = (
				1CE50E362A82F0C200B1020E /* Sources */,
				1CE50E372A82F0C200B1020E /* Frameworks */,
				1CE50E382A82F0C200B1020E /* Resources */,
			);
			buildRules = (
			);
			dependencies = (
				1CE50E402A82F0C200B1020E /* PBXTargetDependency */,
			);
			name = FeedAPIEndToEndTests;
			productName = FeedAPIEndToEndTests;
			productReference = 1CE50E3A2A82F0C200B1020E /* FeedAPIEndToEndTests.xctest */;
			productType = "com.apple.product-type.bundle.unit-test";
		};
/* End PBXNativeTarget section */

/* Begin PBXProject section */
		1C9226A52A80681400DFB9D6 /* Project object */ = {
			isa = PBXProject;
			attributes = {
				BuildIndependentTargetsInParallel = 1;
				LastSwiftUpdateCheck = 1430;
				LastUpgradeCheck = 1430;
				TargetAttributes = {
					1C3598C32A8A705A00E59922 = {
						CreatedOnToolsVersion = 14.3.1;
					};
					1C9226AD2A80681400DFB9D6 = {
						CreatedOnToolsVersion = 14.3.1;
					};
					1C9226B72A80681400DFB9D6 = {
						CreatedOnToolsVersion = 14.3.1;
						LastSwiftMigration = 1430;
					};
					1CE50E392A82F0C200B1020E = {
						CreatedOnToolsVersion = 14.3.1;
					};
				};
			};
			buildConfigurationList = 1C9226A82A80681400DFB9D6 /* Build configuration list for PBXProject "Feed" */;
			compatibilityVersion = "Xcode 14.0";
			developmentRegion = en;
			hasScannedForEncodings = 0;
			knownRegions = (
				en,
				Base,
			);
			mainGroup = 1C9226A42A80681400DFB9D6;
			productRefGroup = 1C9226AF2A80681400DFB9D6 /* Products */;
			projectDirPath = "";
			projectRoot = "";
			targets = (
				1C9226AD2A80681400DFB9D6 /* Feed */,
				1C9226B72A80681400DFB9D6 /* FeedTests */,
				1CE50E392A82F0C200B1020E /* FeedAPIEndToEndTests */,
				1C3598C32A8A705A00E59922 /* FeedCacheIntegrationTests */,
			);
		};
/* End PBXProject section */

/* Begin PBXResourcesBuildPhase section */
		1C3598C22A8A705A00E59922 /* Resources */ = {
			isa = PBXResourcesBuildPhase;
			buildActionMask = 2147483647;
			files = (
			);
			runOnlyForDeploymentPostprocessing = 0;
		};
		1C9226AC2A80681400DFB9D6 /* Resources */ = {
			isa = PBXResourcesBuildPhase;
			buildActionMask = 2147483647;
			files = (
			);
			runOnlyForDeploymentPostprocessing = 0;
		};
		1C9226B62A80681400DFB9D6 /* Resources */ = {
			isa = PBXResourcesBuildPhase;
			buildActionMask = 2147483647;
			files = (
			);
			runOnlyForDeploymentPostprocessing = 0;
		};
		1CE50E382A82F0C200B1020E /* Resources */ = {
			isa = PBXResourcesBuildPhase;
			buildActionMask = 2147483647;
			files = (
			);
			runOnlyForDeploymentPostprocessing = 0;
		};
/* End PBXResourcesBuildPhase section */

/* Begin PBXSourcesBuildPhase section */
		1C3598C02A8A705A00E59922 /* Sources */ = {
			isa = PBXSourcesBuildPhase;
			buildActionMask = 2147483647;
			files = (
				1CAD68E92A8AB675009825E0 /* SharedTestHelpers.swift in Sources */,
				1C3598C72A8A705B00E59922 /* FeedCacheIntegrationTests.swift in Sources */,
				1CAD68E82A8AB668009825E0 /* FeedCacheHelper.swift in Sources */,
				1CAD68E72A8AAB1A009825E0 /* XCTestCase+MemoryLeakTracking.swift in Sources */,
			);
			runOnlyForDeploymentPostprocessing = 0;
		};
		1C9226AA2A80681400DFB9D6 /* Sources */ = {
			isa = PBXSourcesBuildPhase;
			buildActionMask = 2147483647;
			files = (
				1C3598802A898A3E00E59922 /* FeedStore.xcdatamodeld in Sources */,
				1C697A2C2A81543900E4FDBB /* HttpClient.swift in Sources */,
				1C3598A02A89AD8600E59922 /* CoreDataFeedStore.swift in Sources */,
				1C3598922A89A0F400E59922 /* ManagedCache.swift in Sources */,
				1C697A222A8077C500E4FDBB /* FeedItem.swift in Sources */,
				1C3598942A89A24000E59922 /* ManagedFeedItem.swift in Sources */,
				1CE50E522A85CC2A00B1020E /* APIFeedItem.swift in Sources */,
				1C35989E2A89A95600E59922 /* CoreDataHelpers.swift in Sources */,
				1C2F05202A86FD5C00C218A9 /* FeedCachePolicy.swift in Sources */,
				1C697A262A807C3900E4FDBB /* RemoteFeedLoader.swift in Sources */,
				1CE50E542A85CC7600B1020E /* LocalFeedItem.swift in Sources */,
				1CE50E502A85CBD000B1020E /* FeedStore.swift in Sources */,
				1CE50E4E2A8574F400B1020E /* LocalFeedLoader.swift in Sources */,
				1C2F05242A87D69200C218A9 /* CodableFeedStore.swift in Sources */,
				1C697A282A807F1D00E4FDBB /* FeedLoader.swift in Sources */,
				1C9226B32A80681400DFB9D6 /* Feed.docc in Sources */,
				1CE50E342A82D7E900B1020E /* URLSessionHTTPClient.swift in Sources */,
			);
			runOnlyForDeploymentPostprocessing = 0;
		};
		1C9226B42A80681400DFB9D6 /* Sources */ = {
			isa = PBXSourcesBuildPhase;
			buildActionMask = 2147483647;
			files = (
				1C2F05222A87D5A000C218A9 /* CodableFeedStoreTests.swift in Sources */,
				1C3598782A89829B00E59922 /* CoreDataFeedStoreTests.swift in Sources */,
				1C53547E2A86C8FE007B093D /* FeedCacheHelper.swift in Sources */,
				1C697A242A807B7300E4FDBB /* RemoteFeedLoaderTest.swift in Sources */,
				1C3598742A8876A100E59922 /* FeedStoreSpecs.swift in Sources */,
				1C697A2F2A818E8600E4FDBB /* URLSessionHTTPClientTests.swift in Sources */,
				1CE50E592A86743F00B1020E /* FeedStoreSpy.swift in Sources */,
				1CE50E4B2A848F2C00B1020E /* SaveFeedToCacheUseCaseTests.swift in Sources */,
				1C2F051E2A86D96C00C218A9 /* SharedTestHelpers.swift in Sources */,
				1C0523B12A82916D00383141 /* XCTestCase+MemoryLeakTracking.swift in Sources */,
				1CE50E562A8673A000B1020E /* LoadFeedFromCacheUseCase.swift in Sources */,
				1C53547C2A86C6A7007B093D /* ValidateCacheFeedUseCaseTests.swift in Sources */,
				1C3598762A89538900E59922 /* XCTestCase+FeedStoreSpecs.swift in Sources */,
			);
			runOnlyForDeploymentPostprocessing = 0;
		};
		1CE50E362A82F0C200B1020E /* Sources */ = {
			isa = PBXSourcesBuildPhase;
			buildActionMask = 2147483647;
			files = (
				1CE50E3D2A82F0C200B1020E /* FeedAPIEndToEndTests.swift in Sources */,
				1CE50E462A8307DE00B1020E /* XCTestCase+MemoryLeakTracking.swift in Sources */,
			);
			runOnlyForDeploymentPostprocessing = 0;
		};
/* End PBXSourcesBuildPhase section */

/* Begin PBXTargetDependency section */
		1C3598CA2A8A705B00E59922 /* PBXTargetDependency */ = {
			isa = PBXTargetDependency;
			target = 1C9226AD2A80681400DFB9D6 /* Feed */;
			targetProxy = 1C3598C92A8A705B00E59922 /* PBXContainerItemProxy */;
		};
		1C9226BB2A80681400DFB9D6 /* PBXTargetDependency */ = {
			isa = PBXTargetDependency;
			target = 1C9226AD2A80681400DFB9D6 /* Feed */;
			targetProxy = 1C9226BA2A80681400DFB9D6 /* PBXContainerItemProxy */;
		};
		1CE50E402A82F0C200B1020E /* PBXTargetDependency */ = {
			isa = PBXTargetDependency;
			target = 1C9226AD2A80681400DFB9D6 /* Feed */;
			targetProxy = 1CE50E3F2A82F0C200B1020E /* PBXContainerItemProxy */;
		};
/* End PBXTargetDependency section */

/* Begin XCBuildConfiguration section */
		1C3598CB2A8A705B00E59922 /* Debug */ = {
			isa = XCBuildConfiguration;
			buildSettings = {
				CODE_SIGN_STYLE = Automatic;
				CURRENT_PROJECT_VERSION = 1;
				GENERATE_INFOPLIST_FILE = YES;
				MARKETING_VERSION = 1.0;
				PRODUCT_BUNDLE_IDENTIFIER = hamedAmiri.FeedCacheIntegrationTests;
				PRODUCT_NAME = "$(TARGET_NAME)";
				SWIFT_EMIT_LOC_STRINGS = NO;
				SWIFT_VERSION = 5.0;
			};
			name = Debug;
		};
		1C3598CC2A8A705B00E59922 /* Release */ = {
			isa = XCBuildConfiguration;
			buildSettings = {
				CODE_SIGN_STYLE = Automatic;
				CURRENT_PROJECT_VERSION = 1;
				GENERATE_INFOPLIST_FILE = YES;
				MARKETING_VERSION = 1.0;
				PRODUCT_BUNDLE_IDENTIFIER = hamedAmiri.FeedCacheIntegrationTests;
				PRODUCT_NAME = "$(TARGET_NAME)";
				SWIFT_EMIT_LOC_STRINGS = NO;
				SWIFT_VERSION = 5.0;
			};
			name = Release;
		};
		1C9226C02A80681400DFB9D6 /* Debug */ = {
			isa = XCBuildConfiguration;
			buildSettings = {
				ALWAYS_SEARCH_USER_PATHS = NO;
				CLANG_ANALYZER_NONNULL = YES;
				CLANG_ANALYZER_NUMBER_OBJECT_CONVERSION = YES_AGGRESSIVE;
				CLANG_CXX_LANGUAGE_STANDARD = "gnu++20";
				CLANG_ENABLE_MODULES = YES;
				CLANG_ENABLE_OBJC_ARC = YES;
				CLANG_ENABLE_OBJC_WEAK = YES;
				CLANG_WARN_BLOCK_CAPTURE_AUTORELEASING = YES;
				CLANG_WARN_BOOL_CONVERSION = YES;
				CLANG_WARN_COMMA = YES;
				CLANG_WARN_CONSTANT_CONVERSION = YES;
				CLANG_WARN_DEPRECATED_OBJC_IMPLEMENTATIONS = YES;
				CLANG_WARN_DIRECT_OBJC_ISA_USAGE = YES_ERROR;
				CLANG_WARN_DOCUMENTATION_COMMENTS = YES;
				CLANG_WARN_EMPTY_BODY = YES;
				CLANG_WARN_ENUM_CONVERSION = YES;
				CLANG_WARN_INFINITE_RECURSION = YES;
				CLANG_WARN_INT_CONVERSION = YES;
				CLANG_WARN_NON_LITERAL_NULL_CONVERSION = YES;
				CLANG_WARN_OBJC_IMPLICIT_RETAIN_SELF = YES;
				CLANG_WARN_OBJC_LITERAL_CONVERSION = YES;
				CLANG_WARN_OBJC_ROOT_CLASS = YES_ERROR;
				CLANG_WARN_QUOTED_INCLUDE_IN_FRAMEWORK_HEADER = YES;
				CLANG_WARN_RANGE_LOOP_ANALYSIS = YES;
				CLANG_WARN_STRICT_PROTOTYPES = YES;
				CLANG_WARN_SUSPICIOUS_MOVE = YES;
				CLANG_WARN_UNGUARDED_AVAILABILITY = YES_AGGRESSIVE;
				CLANG_WARN_UNREACHABLE_CODE = YES;
				CLANG_WARN__DUPLICATE_METHOD_MATCH = YES;
				COPY_PHASE_STRIP = NO;
				CURRENT_PROJECT_VERSION = 1;
				DEBUG_INFORMATION_FORMAT = dwarf;
				ENABLE_STRICT_OBJC_MSGSEND = YES;
				ENABLE_TESTABILITY = YES;
				GCC_C_LANGUAGE_STANDARD = gnu11;
				GCC_DYNAMIC_NO_PIC = NO;
				GCC_NO_COMMON_BLOCKS = YES;
				GCC_OPTIMIZATION_LEVEL = 0;
				GCC_PREPROCESSOR_DEFINITIONS = (
					"DEBUG=1",
					"$(inherited)",
				);
				GCC_WARN_64_TO_32_BIT_CONVERSION = YES;
				GCC_WARN_ABOUT_RETURN_TYPE = YES_ERROR;
				GCC_WARN_UNDECLARED_SELECTOR = YES;
				GCC_WARN_UNINITIALIZED_AUTOS = YES_AGGRESSIVE;
				GCC_WARN_UNUSED_FUNCTION = YES;
				GCC_WARN_UNUSED_VARIABLE = YES;
				MACOSX_DEPLOYMENT_TARGET = 13.2;
				MTL_ENABLE_DEBUG_INFO = INCLUDE_SOURCE;
				MTL_FAST_MATH = YES;
				ONLY_ACTIVE_ARCH = YES;
				SDKROOT = macosx;
				SUPPORTED_PLATFORMS = macosx;
				SWIFT_ACTIVE_COMPILATION_CONDITIONS = DEBUG;
				SWIFT_OPTIMIZATION_LEVEL = "-Onone";
				VERSIONING_SYSTEM = "apple-generic";
				VERSION_INFO_PREFIX = "";
			};
			name = Debug;
		};
		1C9226C12A80681400DFB9D6 /* Release */ = {
			isa = XCBuildConfiguration;
			buildSettings = {
				ALWAYS_SEARCH_USER_PATHS = NO;
				CLANG_ANALYZER_NONNULL = YES;
				CLANG_ANALYZER_NUMBER_OBJECT_CONVERSION = YES_AGGRESSIVE;
				CLANG_CXX_LANGUAGE_STANDARD = "gnu++20";
				CLANG_ENABLE_MODULES = YES;
				CLANG_ENABLE_OBJC_ARC = YES;
				CLANG_ENABLE_OBJC_WEAK = YES;
				CLANG_WARN_BLOCK_CAPTURE_AUTORELEASING = YES;
				CLANG_WARN_BOOL_CONVERSION = YES;
				CLANG_WARN_COMMA = YES;
				CLANG_WARN_CONSTANT_CONVERSION = YES;
				CLANG_WARN_DEPRECATED_OBJC_IMPLEMENTATIONS = YES;
				CLANG_WARN_DIRECT_OBJC_ISA_USAGE = YES_ERROR;
				CLANG_WARN_DOCUMENTATION_COMMENTS = YES;
				CLANG_WARN_EMPTY_BODY = YES;
				CLANG_WARN_ENUM_CONVERSION = YES;
				CLANG_WARN_INFINITE_RECURSION = YES;
				CLANG_WARN_INT_CONVERSION = YES;
				CLANG_WARN_NON_LITERAL_NULL_CONVERSION = YES;
				CLANG_WARN_OBJC_IMPLICIT_RETAIN_SELF = YES;
				CLANG_WARN_OBJC_LITERAL_CONVERSION = YES;
				CLANG_WARN_OBJC_ROOT_CLASS = YES_ERROR;
				CLANG_WARN_QUOTED_INCLUDE_IN_FRAMEWORK_HEADER = YES;
				CLANG_WARN_RANGE_LOOP_ANALYSIS = YES;
				CLANG_WARN_STRICT_PROTOTYPES = YES;
				CLANG_WARN_SUSPICIOUS_MOVE = YES;
				CLANG_WARN_UNGUARDED_AVAILABILITY = YES_AGGRESSIVE;
				CLANG_WARN_UNREACHABLE_CODE = YES;
				CLANG_WARN__DUPLICATE_METHOD_MATCH = YES;
				COPY_PHASE_STRIP = NO;
				CURRENT_PROJECT_VERSION = 1;
				DEBUG_INFORMATION_FORMAT = "dwarf-with-dsym";
				ENABLE_NS_ASSERTIONS = NO;
				ENABLE_STRICT_OBJC_MSGSEND = YES;
				GCC_C_LANGUAGE_STANDARD = gnu11;
				GCC_NO_COMMON_BLOCKS = YES;
				GCC_WARN_64_TO_32_BIT_CONVERSION = YES;
				GCC_WARN_ABOUT_RETURN_TYPE = YES_ERROR;
				GCC_WARN_UNDECLARED_SELECTOR = YES;
				GCC_WARN_UNINITIALIZED_AUTOS = YES_AGGRESSIVE;
				GCC_WARN_UNUSED_FUNCTION = YES;
				GCC_WARN_UNUSED_VARIABLE = YES;
				MACOSX_DEPLOYMENT_TARGET = 13.2;
				MTL_ENABLE_DEBUG_INFO = NO;
				MTL_FAST_MATH = YES;
				SDKROOT = macosx;
				SUPPORTED_PLATFORMS = macosx;
				SWIFT_COMPILATION_MODE = wholemodule;
				SWIFT_OPTIMIZATION_LEVEL = "-O";
				VERSIONING_SYSTEM = "apple-generic";
				VERSION_INFO_PREFIX = "";
			};
			name = Release;
		};
		1C9226C32A80681400DFB9D6 /* Debug */ = {
			isa = XCBuildConfiguration;
			buildSettings = {
				CODE_SIGN_STYLE = Automatic;
				COMBINE_HIDPI_IMAGES = YES;
				CURRENT_PROJECT_VERSION = 1;
				DEFINES_MODULE = YES;
				DYLIB_COMPATIBILITY_VERSION = 1;
				DYLIB_CURRENT_VERSION = 1;
				DYLIB_INSTALL_NAME_BASE = "@rpath";
				ENABLE_MODULE_VERIFIER = YES;
				GENERATE_INFOPLIST_FILE = YES;
				INFOPLIST_KEY_NSHumanReadableCopyright = "";
				INSTALL_PATH = "$(LOCAL_LIBRARY_DIR)/Frameworks";
				LD_RUNPATH_SEARCH_PATHS = (
					"$(inherited)",
					"@executable_path/../Frameworks",
					"@loader_path/Frameworks",
				);
				MARKETING_VERSION = 1.0;
				MODULE_VERIFIER_SUPPORTED_LANGUAGES = "objective-c objective-c++";
				MODULE_VERIFIER_SUPPORTED_LANGUAGE_STANDARDS = "gnu11 gnu++20";
				PRODUCT_BUNDLE_IDENTIFIER = hamedAmiri.Feed;
				PRODUCT_NAME = "$(TARGET_NAME:c99extidentifier)";
				SKIP_INSTALL = YES;
				SUPPORTED_PLATFORMS = "macosx iphonesimulator iphoneos";
				SWIFT_EMIT_LOC_STRINGS = YES;
				SWIFT_VERSION = 5.0;
			};
			name = Debug;
		};
		1C9226C42A80681400DFB9D6 /* Release */ = {
			isa = XCBuildConfiguration;
			buildSettings = {
				CODE_SIGN_STYLE = Automatic;
				COMBINE_HIDPI_IMAGES = YES;
				CURRENT_PROJECT_VERSION = 1;
				DEFINES_MODULE = YES;
				DYLIB_COMPATIBILITY_VERSION = 1;
				DYLIB_CURRENT_VERSION = 1;
				DYLIB_INSTALL_NAME_BASE = "@rpath";
				ENABLE_MODULE_VERIFIER = YES;
				GENERATE_INFOPLIST_FILE = YES;
				INFOPLIST_KEY_NSHumanReadableCopyright = "";
				INSTALL_PATH = "$(LOCAL_LIBRARY_DIR)/Frameworks";
				LD_RUNPATH_SEARCH_PATHS = (
					"$(inherited)",
					"@executable_path/../Frameworks",
					"@loader_path/Frameworks",
				);
				MARKETING_VERSION = 1.0;
				MODULE_VERIFIER_SUPPORTED_LANGUAGES = "objective-c objective-c++";
				MODULE_VERIFIER_SUPPORTED_LANGUAGE_STANDARDS = "gnu11 gnu++20";
				PRODUCT_BUNDLE_IDENTIFIER = hamedAmiri.Feed;
				PRODUCT_NAME = "$(TARGET_NAME:c99extidentifier)";
				SKIP_INSTALL = YES;
				SUPPORTED_PLATFORMS = "macosx iphonesimulator iphoneos";
				SWIFT_EMIT_LOC_STRINGS = YES;
				SWIFT_VERSION = 5.0;
			};
			name = Release;
		};
		1C9226C62A80681400DFB9D6 /* Debug */ = {
			isa = XCBuildConfiguration;
			buildSettings = {
				ALWAYS_EMBED_SWIFT_STANDARD_LIBRARIES = YES;
				CLANG_ENABLE_MODULES = YES;
				CODE_SIGN_STYLE = Automatic;
				CURRENT_PROJECT_VERSION = 1;
				GENERATE_INFOPLIST_FILE = YES;
				MARKETING_VERSION = 1.0;
				PRODUCT_BUNDLE_IDENTIFIER = hamedAmiri.FeedTests;
				PRODUCT_NAME = "$(TARGET_NAME)";
				SUPPORTED_PLATFORMS = "macosx iphonesimulator iphoneos";
				SWIFT_EMIT_LOC_STRINGS = NO;
				SWIFT_OPTIMIZATION_LEVEL = "-Onone";
				SWIFT_VERSION = 5.0;
			};
			name = Debug;
		};
		1C9226C72A80681400DFB9D6 /* Release */ = {
			isa = XCBuildConfiguration;
			buildSettings = {
				ALWAYS_EMBED_SWIFT_STANDARD_LIBRARIES = YES;
				CLANG_ENABLE_MODULES = YES;
				CODE_SIGN_STYLE = Automatic;
				CURRENT_PROJECT_VERSION = 1;
				GENERATE_INFOPLIST_FILE = YES;
				MARKETING_VERSION = 1.0;
				PRODUCT_BUNDLE_IDENTIFIER = hamedAmiri.FeedTests;
				PRODUCT_NAME = "$(TARGET_NAME)";
				SUPPORTED_PLATFORMS = "macosx iphonesimulator iphoneos";
				SWIFT_EMIT_LOC_STRINGS = NO;
				SWIFT_VERSION = 5.0;
			};
			name = Release;
		};
		1CE50E422A82F0C200B1020E /* Debug */ = {
			isa = XCBuildConfiguration;
			buildSettings = {
				CODE_SIGN_STYLE = Automatic;
				CURRENT_PROJECT_VERSION = 1;
				GENERATE_INFOPLIST_FILE = YES;
				MARKETING_VERSION = 1.0;
				PRODUCT_BUNDLE_IDENTIFIER = hamedAmiri.FeedAPIEndToEndTests;
				PRODUCT_NAME = "$(TARGET_NAME)";
				SWIFT_EMIT_LOC_STRINGS = NO;
				SWIFT_VERSION = 5.0;
			};
			name = Debug;
		};
		1CE50E432A82F0C200B1020E /* Release */ = {
			isa = XCBuildConfiguration;
			buildSettings = {
				CODE_SIGN_STYLE = Automatic;
				CURRENT_PROJECT_VERSION = 1;
				GENERATE_INFOPLIST_FILE = YES;
				MARKETING_VERSION = 1.0;
				PRODUCT_BUNDLE_IDENTIFIER = hamedAmiri.FeedAPIEndToEndTests;
				PRODUCT_NAME = "$(TARGET_NAME)";
				SWIFT_EMIT_LOC_STRINGS = NO;
				SWIFT_VERSION = 5.0;
			};
			name = Release;
		};
/* End XCBuildConfiguration section */

/* Begin XCConfigurationList section */
		1C3598CD2A8A705B00E59922 /* Build configuration list for PBXNativeTarget "FeedCacheIntegrationTests" */ = {
			isa = XCConfigurationList;
			buildConfigurations = (
				1C3598CB2A8A705B00E59922 /* Debug */,
				1C3598CC2A8A705B00E59922 /* Release */,
			);
			defaultConfigurationIsVisible = 0;
			defaultConfigurationName = Release;
		};
		1C9226A82A80681400DFB9D6 /* Build configuration list for PBXProject "Feed" */ = {
			isa = XCConfigurationList;
			buildConfigurations = (
				1C9226C02A80681400DFB9D6 /* Debug */,
				1C9226C12A80681400DFB9D6 /* Release */,
			);
			defaultConfigurationIsVisible = 0;
			defaultConfigurationName = Release;
		};
		1C9226C22A80681400DFB9D6 /* Build configuration list for PBXNativeTarget "Feed" */ = {
			isa = XCConfigurationList;
			buildConfigurations = (
				1C9226C32A80681400DFB9D6 /* Debug */,
				1C9226C42A80681400DFB9D6 /* Release */,
			);
			defaultConfigurationIsVisible = 0;
			defaultConfigurationName = Release;
		};
		1C9226C52A80681400DFB9D6 /* Build configuration list for PBXNativeTarget "FeedTests" */ = {
			isa = XCConfigurationList;
			buildConfigurations = (
				1C9226C62A80681400DFB9D6 /* Debug */,
				1C9226C72A80681400DFB9D6 /* Release */,
			);
			defaultConfigurationIsVisible = 0;
			defaultConfigurationName = Release;
		};
		1CE50E412A82F0C200B1020E /* Build configuration list for PBXNativeTarget "FeedAPIEndToEndTests" */ = {
			isa = XCConfigurationList;
			buildConfigurations = (
				1CE50E422A82F0C200B1020E /* Debug */,
				1CE50E432A82F0C200B1020E /* Release */,
			);
			defaultConfigurationIsVisible = 0;
			defaultConfigurationName = Release;
		};
/* End XCConfigurationList section */

/* Begin XCVersionGroup section */
		1C35987E2A898A3E00E59922 /* FeedStore.xcdatamodeld */ = {
			isa = XCVersionGroup;
			children = (
				1C35987F2A898A3E00E59922 /* FeedStore.xcdatamodel */,
			);
			currentVersion = 1C35987F2A898A3E00E59922 /* FeedStore.xcdatamodel */;
			path = FeedStore.xcdatamodeld;
			sourceTree = "<group>";
			versionGroupType = wrapper.xcdatamodel;
		};
/* End XCVersionGroup section */
	};
	rootObject = 1C9226A52A80681400DFB9D6 /* Project object */;
}
